
Microsoft Visual Studio Solution File, Format Version 12.00
# Visual Studio Version 17
VisualStudioVersion = 17.0.31903.59
MinimumVisualStudioVersion = 10.0.40219.1
Project("{FAE04EC0-301F-11D3-BF4B-00C04F79EFBC}") = "Game1", "game1\Game1.csproj", "{90EFFF52-9ADF-4486-BC15-1CB7C4CA6B96}"
EndProject
Project("{FAE04EC0-301F-11D3-BF4B-00C04F79EFBC}") = "Server1", "server1\Server1.csproj", "{E34334EB-0D59-4A65-A2A9-80EADA21333E}"
EndProject
Project("{2150E333-8FDC-42A3-9474-1A3956D46DE8}") = "game", "game", "{2594E189-EDC2-4646-9CBF-6315ADC0DF63}"
EndProject
Project("{FAE04EC0-301F-11D3-BF4B-00C04F79EFBC}") = "BLL", "game\bll\BLL.csproj", "{EABDF72F-1EC5-42D5-8EC3-9A9E301C2E65}"
EndProject
Project("{FAE04EC0-301F-11D3-BF4B-00C04F79EFBC}") = "ConsolePL", "game\consolepl\ConsolePL.csproj", "{C79A0055-F1CC-4717-A99C-8C218725C83C}"
EndProject
Project("{FAE04EC0-301F-11D3-BF4B-00C04F79EFBC}") = "DAL", "game\dal\DAL.csproj", "{2EC9CC5A-2FDC-4DC9-8D64-F94F20104103}"
EndProject
Project("{FAE04EC0-301F-11D3-BF4B-00C04F79EFBC}") = "NetworkLL", "game\networkll\NetworkLL.csproj", "{3AA9375A-3D5B-46CC-B3DF-1F24C44089DC}"
EndProject
Project("{2150E333-8FDC-42A3-9474-1A3956D46DE8}") = "server", "server", "{FBD8EDAC-D241-4912-8F06-88199E525FC7}"
EndProject
Project("{FAE04EC0-301F-11D3-BF4B-00C04F79EFBC}") = "BLL", "server\bll\BLL.csproj", "{D1D1E35E-FF2F-4BC4-B8B5-1284DDAC1EAD}"
EndProject
Project("{FAE04EC0-301F-11D3-BF4B-00C04F79EFBC}") = "ConsolePL", "server\consolepl\ConsolePL.csproj", "{C988AF33-AE1A-4838-8450-C64AE67A1D8A}"
EndProject
Project("{FAE04EC0-301F-11D3-BF4B-00C04F79EFBC}") = "DAL", "server\dal\DAL.csproj", "{0DDF36A8-E879-4044-B1EB-793CDBDDF32D}"
EndProject
Global
	GlobalSection(SolutionConfigurationPlatforms) = preSolution
		Debug|Any CPU = Debug|Any CPU
		Release|Any CPU = Release|Any CPU
	EndGlobalSection
	GlobalSection(SolutionProperties) = preSolution
		HideSolutionNode = FALSE
	EndGlobalSection
	GlobalSection(ProjectConfigurationPlatforms) = postSolution
		{90EFFF52-9ADF-4486-BC15-1CB7C4CA6B96}.Debug|Any CPU.ActiveCfg = Debug|Any CPU
		{90EFFF52-9ADF-4486-BC15-1CB7C4CA6B96}.Debug|Any CPU.Build.0 = Debug|Any CPU
		{90EFFF52-9ADF-4486-BC15-1CB7C4CA6B96}.Release|Any CPU.ActiveCfg = Release|Any CPU
		{90EFFF52-9ADF-4486-BC15-1CB7C4CA6B96}.Release|Any CPU.Build.0 = Release|Any CPU
		{E34334EB-0D59-4A65-A2A9-80EADA21333E}.Debug|Any CPU.ActiveCfg = Debug|Any CPU
		{E34334EB-0D59-4A65-A2A9-80EADA21333E}.Debug|Any CPU.Build.0 = Debug|Any CPU
		{E34334EB-0D59-4A65-A2A9-80EADA21333E}.Release|Any CPU.ActiveCfg = Release|Any CPU
		{E34334EB-0D59-4A65-A2A9-80EADA21333E}.Release|Any CPU.Build.0 = Release|Any CPU
		{EABDF72F-1EC5-42D5-8EC3-9A9E301C2E65}.Debug|Any CPU.ActiveCfg = Debug|Any CPU
		{EABDF72F-1EC5-42D5-8EC3-9A9E301C2E65}.Debug|Any CPU.Build.0 = Debug|Any CPU
		{EABDF72F-1EC5-42D5-8EC3-9A9E301C2E65}.Release|Any CPU.ActiveCfg = Release|Any CPU
		{EABDF72F-1EC5-42D5-8EC3-9A9E301C2E65}.Release|Any CPU.Build.0 = Release|Any CPU
		{C79A0055-F1CC-4717-A99C-8C218725C83C}.Debug|Any CPU.ActiveCfg = Debug|Any CPU
		{C79A0055-F1CC-4717-A99C-8C218725C83C}.Debug|Any CPU.Build.0 = Debug|Any CPU
		{C79A0055-F1CC-4717-A99C-8C218725C83C}.Release|Any CPU.ActiveCfg = Release|Any CPU
		{C79A0055-F1CC-4717-A99C-8C218725C83C}.Release|Any CPU.Build.0 = Release|Any CPU
		{2EC9CC5A-2FDC-4DC9-8D64-F94F20104103}.Debug|Any CPU.ActiveCfg = Debug|Any CPU
		{2EC9CC5A-2FDC-4DC9-8D64-F94F20104103}.Debug|Any CPU.Build.0 = Debug|Any CPU
		{2EC9CC5A-2FDC-4DC9-8D64-F94F20104103}.Release|Any CPU.ActiveCfg = Release|Any CPU
		{2EC9CC5A-2FDC-4DC9-8D64-F94F20104103}.Release|Any CPU.Build.0 = Release|Any CPU
		{3AA9375A-3D5B-46CC-B3DF-1F24C44089DC}.Debug|Any CPU.ActiveCfg = Debug|Any CPU
		{3AA9375A-3D5B-46CC-B3DF-1F24C44089DC}.Debug|Any CPU.Build.0 = Debug|Any CPU
		{3AA9375A-3D5B-46CC-B3DF-1F24C44089DC}.Release|Any CPU.ActiveCfg = Release|Any CPU
		{3AA9375A-3D5B-46CC-B3DF-1F24C44089DC}.Release|Any CPU.Build.0 = Release|Any CPU
		{D1D1E35E-FF2F-4BC4-B8B5-1284DDAC1EAD}.Debug|Any CPU.ActiveCfg = Debug|Any CPU
		{D1D1E35E-FF2F-4BC4-B8B5-1284DDAC1EAD}.Debug|Any CPU.Build.0 = Debug|Any CPU
		{D1D1E35E-FF2F-4BC4-B8B5-1284DDAC1EAD}.Release|Any CPU.ActiveCfg = Release|Any CPU
		{D1D1E35E-FF2F-4BC4-B8B5-1284DDAC1EAD}.Release|Any CPU.Build.0 = Release|Any CPU
		{C988AF33-AE1A-4838-8450-C64AE67A1D8A}.Debug|Any CPU.ActiveCfg = Debug|Any CPU
		{C988AF33-AE1A-4838-8450-C64AE67A1D8A}.Debug|Any CPU.Build.0 = Debug|Any CPU
		{C988AF33-AE1A-4838-8450-C64AE67A1D8A}.Release|Any CPU.ActiveCfg = Release|Any CPU
		{C988AF33-AE1A-4838-8450-C64AE67A1D8A}.Release|Any CPU.Build.0 = Release|Any CPU
		{0DDF36A8-E879-4044-B1EB-793CDBDDF32D}.Debug|Any CPU.ActiveCfg = Debug|Any CPU
		{0DDF36A8-E879-4044-B1EB-793CDBDDF32D}.Debug|Any CPU.Build.0 = Debug|Any CPU
		{0DDF36A8-E879-4044-B1EB-793CDBDDF32D}.Release|Any CPU.ActiveCfg = Release|Any CPU
		{0DDF36A8-E879-4044-B1EB-793CDBDDF32D}.Release|Any CPU.Build.0 = Release|Any CPU
	EndGlobalSection
	GlobalSection(NestedProjects) = preSolution
		{EABDF72F-1EC5-42D5-8EC3-9A9E301C2E65} = {2594E189-EDC2-4646-9CBF-6315ADC0DF63}
		{C79A0055-F1CC-4717-A99C-8C218725C83C} = {2594E189-EDC2-4646-9CBF-6315ADC0DF63}
		{2EC9CC5A-2FDC-4DC9-8D64-F94F20104103} = {2594E189-EDC2-4646-9CBF-6315ADC0DF63}
		{3AA9375A-3D5B-46CC-B3DF-1F24C44089DC} = {2594E189-EDC2-4646-9CBF-6315ADC0DF63}
		{D1D1E35E-FF2F-4BC4-B8B5-1284DDAC1EAD} = {FBD8EDAC-D241-4912-8F06-88199E525FC7}
		{C988AF33-AE1A-4838-8450-C64AE67A1D8A} = {FBD8EDAC-D241-4912-8F06-88199E525FC7}
		{0DDF36A8-E879-4044-B1EB-793CDBDDF32D} = {FBD8EDAC-D241-4912-8F06-88199E525FC7}
	EndGlobalSection
EndGlobal
